
Microsoft Visual Studio Solution File, Format Version 12.00
# Visual Studio Version 17
VisualStudioVersion = 17.7.34031.279
MinimumVisualStudioVersion = 10.0.40219.1
Project("{FAE04EC0-301F-11D3-BF4B-00C04F79EFBC}") = "TestTriangle", "TestTriangle.csproj", "{7C70D1B1-5F02-4059-B10C-BD06C679BFE9}"
EndProject
Global
	GlobalSection(SolutionConfigurationPlatforms) = preSolution
		Debug|Any CPU = Debug|Any CPU
		Release|Any CPU = Release|Any CPU
	EndGlobalSection
	GlobalSection(ProjectConfigurationPlatforms) = postSolution
		{7C70D1B1-5F02-4059-B10C-BD06C679BFE9}.Debug|Any CPU.ActiveCfg = Debug|Any CPU
		{7C70D1B1-5F02-4059-B10C-BD06C679BFE9}.Debug|Any CPU.Build.0 = Debug|Any CPU
		{7C70D1B1-5F02-4059-B10C-BD06C679BFE9}.Release|Any CPU.ActiveCfg = Release|Any CPU
		{7C70D1B1-5F02-4059-B10C-BD06C679BFE9}.Release|Any CPU.Build.0 = Release|Any CPU
	EndGlobalSection
	GlobalSection(SolutionProperties) = preSolution
		HideSolutionNode = FALSE
	EndGlobalSection
	GlobalSection(ExtensibilityGlobals) = postSolution
		SolutionGuid = {1194E067-8770-48C4-9719-A97520AC256C}
	EndGlobalSection
EndGlobal
